
Microsoft Visual Studio Solution File, Format Version 12.00
# Visual Studio Version 17
VisualStudioVersion = 17.9.34616.47
MinimumVisualStudioVersion = 10.0.40219.1
Project("{8BC9CEB8-8B4A-11D0-8D11-00A0C91BC942}") = "YoloV8DLLProject", "YoloV8DLLProject\YoloV8DLLProject.vcxproj", "{9CBF3645-0807-46E9-93D2-5540622385D8}"
EndProject
Project("{FAE04EC0-301F-11D3-BF4B-00C04F79EFBC}") = "YoloCShaprInference", "YoloCShaprInfernece\YoloCShaprInference.csproj", "{89793A41-D228-4F10-9870-42EA1B05E1BD}"
EndProject
Global
	GlobalSection(SolutionConfigurationPlatforms) = preSolution
		Debug|Any CPU = Debug|Any CPU
		Debug|x64 = Debug|x64
		Debug|x86 = Debug|x86
		Release|Any CPU = Release|Any CPU
		Release|x64 = Release|x64
		Release|x86 = Release|x86
	EndGlobalSection
	GlobalSection(ProjectConfigurationPlatforms) = postSolution
		{9CBF3645-0807-46E9-93D2-5540622385D8}.Debug|Any CPU.ActiveCfg = Debug|x64
		{9CBF3645-0807-46E9-93D2-5540622385D8}.Debug|Any CPU.Build.0 = Debug|x64
		{9CBF3645-0807-46E9-93D2-5540622385D8}.Debug|x64.ActiveCfg = Debug|x64
		{9CBF3645-0807-46E9-93D2-5540622385D8}.Debug|x64.Build.0 = Debug|x64
		{9CBF3645-0807-46E9-93D2-5540622385D8}.Debug|x86.ActiveCfg = Debug|Win32
		{9CBF3645-0807-46E9-93D2-5540622385D8}.Debug|x86.Build.0 = Debug|Win32
		{9CBF3645-0807-46E9-93D2-5540622385D8}.Release|Any CPU.ActiveCfg = Release|x64
		{9CBF3645-0807-46E9-93D2-5540622385D8}.Release|Any CPU.Build.0 = Release|x64
		{9CBF3645-0807-46E9-93D2-5540622385D8}.Release|x64.ActiveCfg = Release|x64
		{9CBF3645-0807-46E9-93D2-5540622385D8}.Release|x64.Build.0 = Release|x64
		{9CBF3645-0807-46E9-93D2-5540622385D8}.Release|x86.ActiveCfg = Release|Win32
		{9CBF3645-0807-46E9-93D2-5540622385D8}.Release|x86.Build.0 = Release|Win32
		{89793A41-D228-4F10-9870-42EA1B05E1BD}.Debug|Any CPU.ActiveCfg = Debug|Any CPU
		{89793A41-D228-4F10-9870-42EA1B05E1BD}.Debug|Any CPU.Build.0 = Debug|Any CPU
		{89793A41-D228-4F10-9870-42EA1B05E1BD}.Debug|x64.ActiveCfg = Debug|Any CPU
		{89793A41-D228-4F10-9870-42EA1B05E1BD}.Debug|x64.Build.0 = Debug|Any CPU
		{89793A41-D228-4F10-9870-42EA1B05E1BD}.Debug|x86.ActiveCfg = Debug|Any CPU
		{89793A41-D228-4F10-9870-42EA1B05E1BD}.Debug|x86.Build.0 = Debug|Any CPU
		{89793A41-D228-4F10-9870-42EA1B05E1BD}.Release|Any CPU.ActiveCfg = Release|Any CPU
		{89793A41-D228-4F10-9870-42EA1B05E1BD}.Release|Any CPU.Build.0 = Release|Any CPU
		{89793A41-D228-4F10-9870-42EA1B05E1BD}.Release|x64.ActiveCfg = Release|x64
		{89793A41-D228-4F10-9870-42EA1B05E1BD}.Release|x64.Build.0 = Release|x64
		{89793A41-D228-4F10-9870-42EA1B05E1BD}.Release|x86.ActiveCfg = Release|Any CPU
		{89793A41-D228-4F10-9870-42EA1B05E1BD}.Release|x86.Build.0 = Release|Any CPU
	EndGlobalSection
	GlobalSection(SolutionProperties) = preSolution
		HideSolutionNode = FALSE
	EndGlobalSection
	GlobalSection(ExtensibilityGlobals) = postSolution
		SolutionGuid = {C6F5D67D-BE7F-4C16-A03C-C46A6A3899A8}
	EndGlobalSection
EndGlobal
